
Microsoft Visual Studio Solution File, Format Version 12.00
# Visual Studio Version 16
VisualStudioVersion = 16.0.28803.452
MinimumVisualStudioVersion = 10.0.40219.1
Project("{9A19103F-16F7-4668-BE54-9A1E7A4F7556}") = "bpmclient", "bpmclient\bpmclient.csproj", "{77251B13-DCC7-44DD-B030-1ABC0B3FF861}"
EndProject
Project("{9A19103F-16F7-4668-BE54-9A1E7A4F7556}") = "bpmclient.example", "bpmclient.example\bpmclient.example.csproj", "{1967A4E4-516E-4F40-81C5-B5F42FB9DEF9}"
EndProject
Global
	GlobalSection(SolutionConfigurationPlatforms) = preSolution
		Debug|Any CPU = Debug|Any CPU
		Release|Any CPU = Release|Any CPU
	EndGlobalSection
	GlobalSection(ProjectConfigurationPlatforms) = postSolution
		{77251B13-DCC7-44DD-B030-1ABC0B3FF861}.Debug|Any CPU.ActiveCfg = Debug|Any CPU
		{77251B13-DCC7-44DD-B030-1ABC0B3FF861}.Debug|Any CPU.Build.0 = Debug|Any CPU
		{77251B13-DCC7-44DD-B030-1ABC0B3FF861}.Release|Any CPU.ActiveCfg = Release|Any CPU
		{77251B13-DCC7-44DD-B030-1ABC0B3FF861}.Release|Any CPU.Build.0 = Release|Any CPU
		{1967A4E4-516E-4F40-81C5-B5F42FB9DEF9}.Debug|Any CPU.ActiveCfg = Debug|Any CPU
		{1967A4E4-516E-4F40-81C5-B5F42FB9DEF9}.Debug|Any CPU.Build.0 = Debug|Any CPU
		{1967A4E4-516E-4F40-81C5-B5F42FB9DEF9}.Release|Any CPU.ActiveCfg = Release|Any CPU
		{1967A4E4-516E-4F40-81C5-B5F42FB9DEF9}.Release|Any CPU.Build.0 = Release|Any CPU
	EndGlobalSection
	GlobalSection(SolutionProperties) = preSolution
		HideSolutionNode = FALSE
	EndGlobalSection
	GlobalSection(ExtensibilityGlobals) = postSolution
		SolutionGuid = {22A55117-1C34-4A9A-8BBE-E605BC38895B}
	EndGlobalSection
EndGlobal
